
Microsoft Visual Studio Solution File, Format Version 12.00
# Visual Studio Version 17
VisualStudioVersion = 17.0.32014.148
MinimumVisualStudioVersion = 10.0.40219.1
Project("{FAE04EC0-301F-11D3-BF4B-00C04F79EFBC}") = "API.ListManagement", "API.ListManagement\API.ListManagement.csproj", "{52CFF47A-FCBD-4B4C-B4DF-33A355FE4B82}"
EndProject
Global
	GlobalSection(SolutionConfigurationPlatforms) = preSolution
		Debug|Any CPU = Debug|Any CPU
		Release|Any CPU = Release|Any CPU
	EndGlobalSection
	GlobalSection(ProjectConfigurationPlatforms) = postSolution
		{52CFF47A-FCBD-4B4C-B4DF-33A355FE4B82}.Debug|Any CPU.ActiveCfg = Debug|Any CPU
		{52CFF47A-FCBD-4B4C-B4DF-33A355FE4B82}.Debug|Any CPU.Build.0 = Debug|Any CPU
		{52CFF47A-FCBD-4B4C-B4DF-33A355FE4B82}.Release|Any CPU.ActiveCfg = Release|Any CPU
		{52CFF47A-FCBD-4B4C-B4DF-33A355FE4B82}.Release|Any CPU.Build.0 = Release|Any CPU
	EndGlobalSection
	GlobalSection(SolutionProperties) = preSolution
		HideSolutionNode = FALSE
	EndGlobalSection
	GlobalSection(ExtensibilityGlobals) = postSolution
		SolutionGuid = {14AB0C94-7190-49AF-8B2B-91AB5F91D8A8}
	EndGlobalSection
EndGlobal
